
Microsoft Visual Studio Solution File, Format Version 12.00
# Visual Studio Version 17
VisualStudioVersion = 17.0.31903.59
MinimumVisualStudioVersion = 10.0.40219.1
Project("{FAE04EC0-301F-11D3-BF4B-00C04F79EFBC}") = "HotelApp.WebAPI", "HotelApp.WebAPI\HotelApp.WebAPI.csproj", "{860B01B1-447B-4D1B-9B77-9579EDC96BCB}"
EndProject
Project("{2150E333-8FDC-42A3-9474-1A3956D46DE8}") = "Appendix", "Appendix", "{ACE4177B-3C67-41DE-B2C4-932BBDC4258C}"
	ProjectSection(SolutionItems) = preProject
		PackageCommands.md = PackageCommands.md
		MigrationCommands.md = MigrationCommands.md
	EndProjectSection
EndProject
Project("{FAE04EC0-301F-11D3-BF4B-00C04F79EFBC}") = "HotelApp.Business", "HotelApp.Business\HotelApp.Business.csproj", "{DE1E5B9C-C48E-4E0C-8F06-36D1866E4E32}"
EndProject
Project("{FAE04EC0-301F-11D3-BF4B-00C04F79EFBC}") = "HotelApp.Data", "HotelApp.Data\HotelApp.Data.csproj", "{D33CEAA2-A726-4B7D-AA28-F57EE21A2CC2}"
EndProject
Global
	GlobalSection(SolutionConfigurationPlatforms) = preSolution
		Debug|Any CPU = Debug|Any CPU
		Release|Any CPU = Release|Any CPU
	EndGlobalSection
	GlobalSection(ProjectConfigurationPlatforms) = postSolution
		{860B01B1-447B-4D1B-9B77-9579EDC96BCB}.Debug|Any CPU.ActiveCfg = Debug|Any CPU
		{860B01B1-447B-4D1B-9B77-9579EDC96BCB}.Debug|Any CPU.Build.0 = Debug|Any CPU
		{860B01B1-447B-4D1B-9B77-9579EDC96BCB}.Release|Any CPU.ActiveCfg = Release|Any CPU
		{860B01B1-447B-4D1B-9B77-9579EDC96BCB}.Release|Any CPU.Build.0 = Release|Any CPU
		{DE1E5B9C-C48E-4E0C-8F06-36D1866E4E32}.Debug|Any CPU.ActiveCfg = Debug|Any CPU
		{DE1E5B9C-C48E-4E0C-8F06-36D1866E4E32}.Debug|Any CPU.Build.0 = Debug|Any CPU
		{DE1E5B9C-C48E-4E0C-8F06-36D1866E4E32}.Release|Any CPU.ActiveCfg = Release|Any CPU
		{DE1E5B9C-C48E-4E0C-8F06-36D1866E4E32}.Release|Any CPU.Build.0 = Release|Any CPU
		{D33CEAA2-A726-4B7D-AA28-F57EE21A2CC2}.Debug|Any CPU.ActiveCfg = Debug|Any CPU
		{D33CEAA2-A726-4B7D-AA28-F57EE21A2CC2}.Debug|Any CPU.Build.0 = Debug|Any CPU
		{D33CEAA2-A726-4B7D-AA28-F57EE21A2CC2}.Release|Any CPU.ActiveCfg = Release|Any CPU
		{D33CEAA2-A726-4B7D-AA28-F57EE21A2CC2}.Release|Any CPU.Build.0 = Release|Any CPU
	EndGlobalSection
	GlobalSection(SolutionProperties) = preSolution
		HideSolutionNode = FALSE
	EndGlobalSection
EndGlobal
